
Microsoft Visual Studio Solution File, Format Version 12.00
# Visual Studio Version 16
VisualStudioVersion = 16.0.34301.259
MinimumVisualStudioVersion = 10.0.40219.1
Project("{FAE04EC0-301F-11D3-BF4B-00C04F79EFBC}") = "WpfApp14", "WpfApp14\WpfApp14.csproj", "{54C2DDC4-7A07-408C-9B1D-548E7BA319F4}"
EndProject
Project("{FAE04EC0-301F-11D3-BF4B-00C04F79EFBC}") = "WpfApp1", "WpfApp1\WpfApp1.csproj", "{A1C8B2B3-6413-4520-9235-D57A68A46995}"
EndProject
Project("{FAE04EC0-301F-11D3-BF4B-00C04F79EFBC}") = "WpfApp2", "WpfApp2\WpfApp2.csproj", "{0557D361-E5BD-42B4-9BA4-F144E973127E}"
EndProject
Project("{FAE04EC0-301F-11D3-BF4B-00C04F79EFBC}") = "WpfApp3", "WpfApp3\WpfApp3.csproj", "{A510BD9D-195B-4959-B8DD-870234155599}"
EndProject
Project("{FAE04EC0-301F-11D3-BF4B-00C04F79EFBC}") = "WpfApp4", "WpfApp4\WpfApp4.csproj", "{F52770F0-EA94-4604-99A1-0E8A65021E60}"
EndProject
Project("{FAE04EC0-301F-11D3-BF4B-00C04F79EFBC}") = "WpfApp5", "WpfApp5\WpfApp5.csproj", "{98AE7A34-A58E-434D-BD72-5BCE5F4F5BEF}"
EndProject
Project("{FAE04EC0-301F-11D3-BF4B-00C04F79EFBC}") = "WpfApp6", "WpfApp6\WpfApp6.csproj", "{33E49A50-5DE8-4111-B8C2-124B9C764174}"
EndProject
Project("{FAE04EC0-301F-11D3-BF4B-00C04F79EFBC}") = "WpfApp7", "WpfApp7\WpfApp7.csproj", "{396442B9-68A7-4162-87A6-DE3F3735ADDB}"
EndProject
Project("{FAE04EC0-301F-11D3-BF4B-00C04F79EFBC}") = "WpfApp8", "WpfApp8\WpfApp8.csproj", "{7338E08F-C2BB-4A75-9D89-9747C660269A}"
EndProject
Global
	GlobalSection(SolutionConfigurationPlatforms) = preSolution
		Debug|Any CPU = Debug|Any CPU
		Release|Any CPU = Release|Any CPU
	EndGlobalSection
	GlobalSection(ProjectConfigurationPlatforms) = postSolution
		{54C2DDC4-7A07-408C-9B1D-548E7BA319F4}.Debug|Any CPU.ActiveCfg = Debug|Any CPU
		{54C2DDC4-7A07-408C-9B1D-548E7BA319F4}.Debug|Any CPU.Build.0 = Debug|Any CPU
		{54C2DDC4-7A07-408C-9B1D-548E7BA319F4}.Release|Any CPU.ActiveCfg = Release|Any CPU
		{54C2DDC4-7A07-408C-9B1D-548E7BA319F4}.Release|Any CPU.Build.0 = Release|Any CPU
		{A1C8B2B3-6413-4520-9235-D57A68A46995}.Debug|Any CPU.ActiveCfg = Debug|Any CPU
		{A1C8B2B3-6413-4520-9235-D57A68A46995}.Debug|Any CPU.Build.0 = Debug|Any CPU
		{A1C8B2B3-6413-4520-9235-D57A68A46995}.Release|Any CPU.ActiveCfg = Release|Any CPU
		{A1C8B2B3-6413-4520-9235-D57A68A46995}.Release|Any CPU.Build.0 = Release|Any CPU
		{0557D361-E5BD-42B4-9BA4-F144E973127E}.Debug|Any CPU.ActiveCfg = Debug|Any CPU
		{0557D361-E5BD-42B4-9BA4-F144E973127E}.Debug|Any CPU.Build.0 = Debug|Any CPU
		{0557D361-E5BD-42B4-9BA4-F144E973127E}.Release|Any CPU.ActiveCfg = Release|Any CPU
		{0557D361-E5BD-42B4-9BA4-F144E973127E}.Release|Any CPU.Build.0 = Release|Any CPU
		{A510BD9D-195B-4959-B8DD-870234155599}.Debug|Any CPU.ActiveCfg = Debug|Any CPU
		{A510BD9D-195B-4959-B8DD-870234155599}.Debug|Any CPU.Build.0 = Debug|Any CPU
		{A510BD9D-195B-4959-B8DD-870234155599}.Release|Any CPU.ActiveCfg = Release|Any CPU
		{A510BD9D-195B-4959-B8DD-870234155599}.Release|Any CPU.Build.0 = Release|Any CPU
		{F52770F0-EA94-4604-99A1-0E8A65021E60}.Debug|Any CPU.ActiveCfg = Debug|Any CPU
		{F52770F0-EA94-4604-99A1-0E8A65021E60}.Debug|Any CPU.Build.0 = Debug|Any CPU
		{F52770F0-EA94-4604-99A1-0E8A65021E60}.Release|Any CPU.ActiveCfg = Release|Any CPU
		{F52770F0-EA94-4604-99A1-0E8A65021E60}.Release|Any CPU.Build.0 = Release|Any CPU
		{98AE7A34-A58E-434D-BD72-5BCE5F4F5BEF}.Debug|Any CPU.ActiveCfg = Debug|Any CPU
		{98AE7A34-A58E-434D-BD72-5BCE5F4F5BEF}.Debug|Any CPU.Build.0 = Debug|Any CPU
		{98AE7A34-A58E-434D-BD72-5BCE5F4F5BEF}.Release|Any CPU.ActiveCfg = Release|Any CPU
		{98AE7A34-A58E-434D-BD72-5BCE5F4F5BEF}.Release|Any CPU.Build.0 = Release|Any CPU
		{33E49A50-5DE8-4111-B8C2-124B9C764174}.Debug|Any CPU.ActiveCfg = Debug|Any CPU
		{33E49A50-5DE8-4111-B8C2-124B9C764174}.Debug|Any CPU.Build.0 = Debug|Any CPU
		{33E49A50-5DE8-4111-B8C2-124B9C764174}.Release|Any CPU.ActiveCfg = Release|Any CPU
		{33E49A50-5DE8-4111-B8C2-124B9C764174}.Release|Any CPU.Build.0 = Release|Any CPU
		{396442B9-68A7-4162-87A6-DE3F3735ADDB}.Debug|Any CPU.ActiveCfg = Debug|Any CPU
		{396442B9-68A7-4162-87A6-DE3F3735ADDB}.Debug|Any CPU.Build.0 = Debug|Any CPU
		{396442B9-68A7-4162-87A6-DE3F3735ADDB}.Release|Any CPU.ActiveCfg = Release|Any CPU
		{396442B9-68A7-4162-87A6-DE3F3735ADDB}.Release|Any CPU.Build.0 = Release|Any CPU
		{7338E08F-C2BB-4A75-9D89-9747C660269A}.Debug|Any CPU.ActiveCfg = Debug|Any CPU
		{7338E08F-C2BB-4A75-9D89-9747C660269A}.Debug|Any CPU.Build.0 = Debug|Any CPU
		{7338E08F-C2BB-4A75-9D89-9747C660269A}.Release|Any CPU.ActiveCfg = Release|Any CPU
		{7338E08F-C2BB-4A75-9D89-9747C660269A}.Release|Any CPU.Build.0 = Release|Any CPU
	EndGlobalSection
	GlobalSection(SolutionProperties) = preSolution
		HideSolutionNode = FALSE
	EndGlobalSection
	GlobalSection(ExtensibilityGlobals) = postSolution
		SolutionGuid = {AE0B2C6A-41A1-4215-B603-4BD0B327C70B}
	EndGlobalSection
EndGlobal
